[[package]]
name = "adler32"
version = "1.0.3"
source = "registry+https://github.com/rust-lang/crates.io-index"

[[package]]
name = "ansi_term"
version = "0.9.0"
source = "registry+https://github.com/rust-lang/crates.io-index"

[[package]]
name = "atty"
version = "0.2.10"
source = "registry+https://github.com/rust-lang/crates.io-index"
dependencies = [
 "libc 0.2.42 (registry+https://github.com/rust-lang/crates.io-index)",
 "termion 1.5.1 (registry+https://github.com/rust-lang/crates.io-index)",
 "winapi 0.3.5 (registry+https://github.com/rust-lang/crates.io-index)",
]

[[package]]
name = "bitflags"
version = "0.7.0"
source = "registry+https://github.com/rust-lang/crates.io-index"

[[package]]
name = "bitflags"
version = "0.9.1"
source = "registry+https://github.com/rust-lang/crates.io-index"

[[package]]
name = "clap"
version = "2.27.1"
source = "registry+https://github.com/rust-lang/crates.io-index"
dependencies = [
 "ansi_term 0.9.0 (registry+https://github.com/rust-lang/crates.io-index)",
 "atty 0.2.10 (registry+https://github.com/rust-lang/crates.io-index)",
 "bitflags 0.9.1 (registry+https://github.com/rust-lang/crates.io-index)",
 "strsim 0.6.0 (registry+https://github.com/rust-lang/crates.io-index)",
 "textwrap 0.9.0 (registry+https://github.com/rust-lang/crates.io-index)",
 "unicode-width 0.1.5 (registry+https://github.com/rust-lang/crates.io-index)",
 "vec_map 0.8.1 (registry+https://github.com/rust-lang/crates.io-index)",
 "yaml-rust 0.3.5 (registry+https://github.com/rust-lang/crates.io-index)",
]

[[package]]
name = "data-encoding"
version = "2.1.1"
source = "registry+https://github.com/rust-lang/crates.io-index"

[[package]]
name = "draw2md"
version = "0.1.0"
dependencies = [
 "clap 2.27.1 (registry+https://github.com/rust-lang/crates.io-index)",
 "data-encoding 2.1.1 (registry+https://github.com/rust-lang/crates.io-index)",
 "inflate 0.4.2 (registry+https://github.com/rust-lang/crates.io-index)",
 "percent-encoding 1.0.1 (registry+https://github.com/rust-lang/crates.io-index)",
 "rustc-serialize 0.3.24 (registry+https://github.com/rust-lang/crates.io-index)",
 "xmlJSON 0.2.0 (registry+https://github.com/rust-lang/crates.io-index)",
]

[[package]]
name = "inflate"
version = "0.4.2"
source = "registry+https://github.com/rust-lang/crates.io-index"
dependencies = [
 "adler32 1.0.3 (registry+https://github.com/rust-lang/crates.io-index)",
]

[[package]]
name = "libc"
version = "0.2.42"
source = "registry+https://github.com/rust-lang/crates.io-index"

[[package]]
name = "percent-encoding"
version = "1.0.1"
source = "registry+https://github.com/rust-lang/crates.io-index"

[[package]]
name = "redox_syscall"
version = "0.1.40"
source = "registry+https://github.com/rust-lang/crates.io-index"

[[package]]
name = "redox_termios"
version = "0.1.1"
source = "registry+https://github.com/rust-lang/crates.io-index"
dependencies = [
 "redox_syscall 0.1.40 (registry+https://github.com/rust-lang/crates.io-index)",
]

[[package]]
name = "rustc-serialize"
version = "0.3.24"
source = "registry+https://github.com/rust-lang/crates.io-index"

[[package]]
name = "strsim"
version = "0.6.0"
source = "registry+https://github.com/rust-lang/crates.io-index"

[[package]]
name = "termion"
version = "1.5.1"
source = "registry+https://github.com/rust-lang/crates.io-index"
dependencies = [
 "libc 0.2.42 (registry+https://github.com/rust-lang/crates.io-index)",
 "redox_syscall 0.1.40 (registry+https://github.com/rust-lang/crates.io-index)",
 "redox_termios 0.1.1 (registry+https://github.com/rust-lang/crates.io-index)",
]

[[package]]
name = "textwrap"
version = "0.9.0"
source = "registry+https://github.com/rust-lang/crates.io-index"
dependencies = [
 "unicode-width 0.1.5 (registry+https://github.com/rust-lang/crates.io-index)",
]

[[package]]
name = "unicode-width"
version = "0.1.5"
source = "registry+https://github.com/rust-lang/crates.io-index"

[[package]]
name = "vec_map"
version = "0.8.1"
source = "registry+https://github.com/rust-lang/crates.io-index"

[[package]]
name = "winapi"
version = "0.3.5"
source = "registry+https://github.com/rust-lang/crates.io-index"
dependencies = [
 "winapi-i686-pc-windows-gnu 0.4.0 (registry+https://github.com/rust-lang/crates.io-index)",
 "winapi-x86_64-pc-windows-gnu 0.4.0 (registry+https://github.com/rust-lang/crates.io-index)",
]

[[package]]
name = "winapi-i686-pc-windows-gnu"
version = "0.4.0"
source = "registry+https://github.com/rust-lang/crates.io-index"

[[package]]
name = "winapi-x86_64-pc-windows-gnu"
version = "0.4.0"
source = "registry+https://github.com/rust-lang/crates.io-index"

[[package]]
name = "xml-rs"
version = "0.3.6"
source = "registry+https://github.com/rust-lang/crates.io-index"
dependencies = [
 "bitflags 0.7.0 (registry+https://github.com/rust-lang/crates.io-index)",
]

[[package]]
name = "xmlJSON"
version = "0.2.0"
source = "registry+https://github.com/rust-lang/crates.io-index"
dependencies = [
 "rustc-serialize 0.3.24 (registry+https://github.com/rust-lang/crates.io-index)",
 "xml-rs 0.3.6 (registry+https://github.com/rust-lang/crates.io-index)",
]

[[package]]
name = "yaml-rust"
version = "0.3.5"
source = "registry+https://github.com/rust-lang/crates.io-index"

[metadata]
"checksum adler32 1.0.3 (registry+https://github.com/rust-lang/crates.io-index)" = "7e522997b529f05601e05166c07ed17789691f562762c7f3b987263d2dedee5c"
"checksum ansi_term 0.9.0 (registry+https://github.com/rust-lang/crates.io-index)" = "23ac7c30002a5accbf7e8987d0632fa6de155b7c3d39d0067317a391e00a2ef6"
"checksum atty 0.2.10 (registry+https://github.com/rust-lang/crates.io-index)" = "2fc4a1aa4c24c0718a250f0681885c1af91419d242f29eb8f2ab28502d80dbd1"
"checksum bitflags 0.7.0 (registry+https://github.com/rust-lang/crates.io-index)" = "aad18937a628ec6abcd26d1489012cc0e18c21798210f491af69ded9b881106d"
"checksum bitflags 0.9.1 (registry+https://github.com/rust-lang/crates.io-index)" = "4efd02e230a02e18f92fc2735f44597385ed02ad8f831e7c1c1156ee5e1ab3a5"
"checksum clap 2.27.1 (registry+https://github.com/rust-lang/crates.io-index)" = "1b8c532887f1a292d17de05ae858a8fe50a301e196f9ef0ddb7ccd0d1d00f180"
"checksum data-encoding 2.1.1 (registry+https://github.com/rust-lang/crates.io-index)" = "67df0571a74bf0d97fb8b2ed22abdd9a48475c96bd327db968b7d9cace99655e"
"checksum inflate 0.4.2 (registry+https://github.com/rust-lang/crates.io-index)" = "4ec18d981200fd14e65ee8e35fb60ed1ce55227a02407303f3a72517c6146dcc"
"checksum libc 0.2.42 (registry+https://github.com/rust-lang/crates.io-index)" = "b685088df2b950fccadf07a7187c8ef846a959c142338a48f9dc0b94517eb5f1"
"checksum percent-encoding 1.0.1 (registry+https://github.com/rust-lang/crates.io-index)" = "31010dd2e1ac33d5b46a5b413495239882813e0369f8ed8a5e266f173602f831"
"checksum redox_syscall 0.1.40 (registry+https://github.com/rust-lang/crates.io-index)" = "c214e91d3ecf43e9a4e41e578973adeb14b474f2bee858742d127af75a0112b1"
"checksum redox_termios 0.1.1 (registry+https://github.com/rust-lang/crates.io-index)" = "7e891cfe48e9100a70a3b6eb652fef28920c117d366339687bd5576160db0f76"
"checksum rustc-serialize 0.3.24 (registry+https://github.com/rust-lang/crates.io-index)" = "dcf128d1287d2ea9d80910b5f1120d0b8eede3fbf1abe91c40d39ea7d51e6fda"
"checksum strsim 0.6.0 (registry+https://github.com/rust-lang/crates.io-index)" = "b4d15c810519a91cf877e7e36e63fe068815c678181439f2f29e2562147c3694"
"checksum termion 1.5.1 (registry+https://github.com/rust-lang/crates.io-index)" = "689a3bdfaab439fd92bc87df5c4c78417d3cbe537487274e9b0b2dce76e92096"
"checksum textwrap 0.9.0 (registry+https://github.com/rust-lang/crates.io-index)" = "c0b59b6b4b44d867f1370ef1bd91bfb262bf07bf0ae65c202ea2fbc16153b693"
"checksum unicode-width 0.1.5 (registry+https://github.com/rust-lang/crates.io-index)" = "882386231c45df4700b275c7ff55b6f3698780a650026380e72dabe76fa46526"
"checksum vec_map 0.8.1 (registry+https://github.com/rust-lang/crates.io-index)" = "05c78687fb1a80548ae3250346c3db86a80a7cdd77bda190189f2d0a0987c81a"
"checksum winapi 0.3.5 (registry+https://github.com/rust-lang/crates.io-index)" = "773ef9dcc5f24b7d850d0ff101e542ff24c3b090a9768e03ff889fdef41f00fd"
"checksum winapi-i686-pc-windows-gnu 0.4.0 (registry+https://github.com/rust-lang/crates.io-index)" = "ac3b87c63620426dd9b991e5ce0329eff545bccbbb34f3be09ff6fb6ab51b7b6"
"checksum winapi-x86_64-pc-windows-gnu 0.4.0 (registry+https://github.com/rust-lang/crates.io-index)" = "712e227841d057c1ee1cd2fb22fa7e5a5461ae8e48fa2ca79ec42cfc1931183f"
"checksum xml-rs 0.3.6 (registry+https://github.com/rust-lang/crates.io-index)" = "7ec6c39eaa68382c8e31e35239402c0a9489d4141a8ceb0c716099a0b515b562"
"checksum xmlJSON 0.2.0 (registry+https://github.com/rust-lang/crates.io-index)" = "ccddd9a7a1807eb4d6a7306da75d75d249b4b44e726b544ad929ac4280f259b4"
"checksum yaml-rust 0.3.5 (registry+https://github.com/rust-lang/crates.io-index)" = "e66366e18dc58b46801afbf2ca7661a9f59cc8c5962c29892b6039b4f86fa992"
